
Microsoft Visual Studio Solution File, Format Version 12.00
# Visual Studio 15
VisualStudioVersion = 15.0.27703.2018
MinimumVisualStudioVersion = 10.0.40219.1
Project("{FAE04EC0-301F-11D3-BF4B-00C04F79EFBC}") = "IBTracker", "IBTracker\IBTracker.csproj", "{5DFB9373-E4A6-4625-991E-424CAB4ECE28}"
EndProject
Global
	GlobalSection(SolutionConfigurationPlatforms) = preSolution
		Debug|Any CPU = Debug|Any CPU
		Release|Any CPU = Release|Any CPU
	EndGlobalSection
	GlobalSection(ProjectConfigurationPlatforms) = postSolution
		{5DFB9373-E4A6-4625-991E-424CAB4ECE28}.Debug|Any CPU.ActiveCfg = Debug|Any CPU
		{5DFB9373-E4A6-4625-991E-424CAB4ECE28}.Debug|Any CPU.Build.0 = Debug|Any CPU
		{5DFB9373-E4A6-4625-991E-424CAB4ECE28}.Release|Any CPU.ActiveCfg = Release|Any CPU
		{5DFB9373-E4A6-4625-991E-424CAB4ECE28}.Release|Any CPU.Build.0 = Release|Any CPU
	EndGlobalSection
	GlobalSection(SolutionProperties) = preSolution
		HideSolutionNode = FALSE
	EndGlobalSection
	GlobalSection(ExtensibilityGlobals) = postSolution
		SolutionGuid = {CC024E03-4303-447C-8793-D0069331FBB0}
	EndGlobalSection
EndGlobal
